
Microsoft Visual Studio Solution File, Format Version 12.00
# Visual Studio 15
Project("{FAE04EC0-301F-11D3-BF4B-00C04F79EFBC}") = "UnityEngine.UI", "UnityEngine.UI.csproj", "{1B853AB3-9A57-F4DD-18D6-224EEFD4FD43}"
EndProject
Project("{FAE04EC0-301F-11D3-BF4B-00C04F79EFBC}") = "UnityEngine.TestRunner", "UnityEngine.TestRunner.csproj", "{51A1E09A-5466-37B8-03EA-B08F11061049}"
EndProject
Project("{FAE04EC0-301F-11D3-BF4B-00C04F79EFBC}") = "Unity.Mathematics", "Unity.Mathematics.csproj", "{B9F5764B-EB5B-C80D-87EF-03D4C75CDCA2}"
EndProject
Project("{FAE04EC0-301F-11D3-BF4B-00C04F79EFBC}") = "Unity.2D.Animation.Triangle.Runtime", "Unity.2D.Animation.Triangle.Runtime.csproj", "{8030F1D7-64B5-090D-6EB0-C9CC2B494047}"
EndProject
Project("{FAE04EC0-301F-11D3-BF4B-00C04F79EFBC}") = "Unity.Timeline", "Unity.Timeline.csproj", "{111C7C70-17D1-C409-025B-7818A4F4EF5B}"
EndProject
Project("{FAE04EC0-301F-11D3-BF4B-00C04F79EFBC}") = "Unity.TextMeshPro", "Unity.TextMeshPro.csproj", "{9B3A205C-8619-5512-9E40-7C190C6C335E}"
EndProject
Project("{FAE04EC0-301F-11D3-BF4B-00C04F79EFBC}") = "Unity.2D.Animation.Runtime", "Unity.2D.Animation.Runtime.csproj", "{1C97B5C6-0B7E-7AE7-6107-43DDFCFE3871}"
EndProject
Project("{FAE04EC0-301F-11D3-BF4B-00C04F79EFBC}") = "Unity.2D.IK.Runtime", "Unity.2D.IK.Runtime.csproj", "{B7037EEB-EB03-7FE2-96A7-7DA35AEFAC3C}"
EndProject
Project("{FAE04EC0-301F-11D3-BF4B-00C04F79EFBC}") = "Tayx.Graphy", "Tayx.Graphy.csproj", "{A480358A-F438-C6B1-40F0-3F5974FAD40D}"
EndProject
Project("{FAE04EC0-301F-11D3-BF4B-00C04F79EFBC}") = "Unity.Notifications.Android", "Unity.Notifications.Android.csproj", "{01E59270-3837-0722-891C-E17A8DDF2C3E}"
EndProject
Project("{FAE04EC0-301F-11D3-BF4B-00C04F79EFBC}") = "Unity.2D.SpriteShape.Runtime", "Unity.2D.SpriteShape.Runtime.csproj", "{F92C8444-711C-A044-53C9-51BFDD522FED}"
EndProject
Project("{FAE04EC0-301F-11D3-BF4B-00C04F79EFBC}") = "Leopotam.Ecs", "Leopotam.Ecs.csproj", "{581B29BD-05FB-0D00-8B83-73F218702618}"
EndProject
Project("{FAE04EC0-301F-11D3-BF4B-00C04F79EFBC}") = "Unity.Notifications.iOS", "Unity.Notifications.iOS.csproj", "{BB754641-51DA-EA62-3194-10F6BE5C19D9}"
EndProject
Project("{FAE04EC0-301F-11D3-BF4B-00C04F79EFBC}") = "Assembly-CSharp", "Assembly-CSharp.csproj", "{0C76824D-CEC9-125E-2704-D9ED12055A2A}"
EndProject
Project("{FAE04EC0-301F-11D3-BF4B-00C04F79EFBC}") = "Unity.2D.PixelPerfect", "Unity.2D.PixelPerfect.csproj", "{A486A365-9217-241E-88AF-759B9DCFE630}"
EndProject
Project("{FAE04EC0-301F-11D3-BF4B-00C04F79EFBC}") = "Unity.2D.Common.Runtime", "Unity.2D.Common.Runtime.csproj", "{DFAF85A7-A866-A388-494B-E9A70472A62E}"
EndProject
Project("{FAE04EC0-301F-11D3-BF4B-00C04F79EFBC}") = "Unity.InternalAPIEngineBridge.001", "Unity.InternalAPIEngineBridge.001.csproj", "{ABC48B9D-6C44-115F-103D-91721F7F5038}"
EndProject
Project("{FAE04EC0-301F-11D3-BF4B-00C04F79EFBC}") = "UnityEditor.TestRunner", "UnityEditor.TestRunner.csproj", "{B91C1E86-F62A-6096-FB12-48B0B3125467}"
EndProject
Project("{FAE04EC0-301F-11D3-BF4B-00C04F79EFBC}") = "UnityEditor.UI", "UnityEditor.UI.csproj", "{72455058-B534-DDE4-40D1-A4FA9F48761D}"
EndProject
Project("{FAE04EC0-301F-11D3-BF4B-00C04F79EFBC}") = "Unity.Timeline.Editor", "Unity.Timeline.Editor.csproj", "{E1D09590-703D-0C4D-9F8F-5AD6A3145FF6}"
EndProject
Project("{FAE04EC0-301F-11D3-BF4B-00C04F79EFBC}") = "Unity.VisualStudio.Editor", "Unity.VisualStudio.Editor.csproj", "{B71E81CA-A4C6-5568-923F-55BEE6D8AC9A}"
EndProject
Project("{FAE04EC0-301F-11D3-BF4B-00C04F79EFBC}") = "Unity.2D.Psdimporter.Editor", "Unity.2D.Psdimporter.Editor.csproj", "{C5AE3165-3ECB-92A3-5EA2-3A3C65EAA51A}"
EndProject
Project("{FAE04EC0-301F-11D3-BF4B-00C04F79EFBC}") = "Unity.2D.Animation.Editor", "Unity.2D.Animation.Editor.csproj", "{544FDB3B-21C2-40EE-F6AD-84E757F06334}"
EndProject
Project("{FAE04EC0-301F-11D3-BF4B-00C04F79EFBC}") = "Unity.TextMeshPro.Editor", "Unity.TextMeshPro.Editor.csproj", "{C54DD7D8-F452-0B67-9740-D94D9BFA010C}"
EndProject
Project("{FAE04EC0-301F-11D3-BF4B-00C04F79EFBC}") = "Unity.2D.SpriteShape.Editor", "Unity.2D.SpriteShape.Editor.csproj", "{6BD65E5D-5FBA-1BCB-5690-259475F0352D}"
EndProject
Project("{FAE04EC0-301F-11D3-BF4B-00C04F79EFBC}") = "Unity.CollabProxy.Editor", "Unity.CollabProxy.Editor.csproj", "{9AE76B80-0620-DC81-CD36-296EBC580E78}"
EndProject
Project("{FAE04EC0-301F-11D3-BF4B-00C04F79EFBC}") = "PsdPlugin", "PsdPlugin.csproj", "{C419743B-3C36-5CAE-0744-EBC9175A3E11}"
EndProject
Project("{FAE04EC0-301F-11D3-BF4B-00C04F79EFBC}") = "Unity.2D.Path.Editor", "Unity.2D.Path.Editor.csproj", "{2FEC6109-FB49-4D31-76D2-CAEAA9698E45}"
EndProject
Project("{FAE04EC0-301F-11D3-BF4B-00C04F79EFBC}") = "Unity.Mobile.AndroidLogcat.Editor", "Unity.Mobile.AndroidLogcat.Editor.csproj", "{1128968C-B271-28FC-1F8A-059BB2707166}"
EndProject
Project("{FAE04EC0-301F-11D3-BF4B-00C04F79EFBC}") = "Unity.Rider.Editor", "Unity.Rider.Editor.csproj", "{A483EDE5-99A8-00BB-0C68-8BC93E507E3B}"
EndProject
Project("{FAE04EC0-301F-11D3-BF4B-00C04F79EFBC}") = "Leopotam.Ecs.UnityIntegration.Editor", "Leopotam.Ecs.UnityIntegration.Editor.csproj", "{81F953FC-C7B0-E43E-C1C4-90B2BBDA7C8E}"
EndProject
Project("{FAE04EC0-301F-11D3-BF4B-00C04F79EFBC}") = "Unity.2D.IK.Editor", "Unity.2D.IK.Editor.csproj", "{D7B97339-03E1-2B17-2B4D-89715227D96C}"
EndProject
Project("{FAE04EC0-301F-11D3-BF4B-00C04F79EFBC}") = "Unity.2D.Sprite.Editor", "Unity.2D.Sprite.Editor.csproj", "{8C8B80B7-B309-CEF7-2EDC-C79B3D8CD0B2}"
EndProject
Project("{FAE04EC0-301F-11D3-BF4B-00C04F79EFBC}") = "Unity.2D.Tilemap.Editor", "Unity.2D.Tilemap.Editor.csproj", "{8344E9C4-BD3A-7FB9-BA9A-0AA256EBC4A8}"
EndProject
Project("{FAE04EC0-301F-11D3-BF4B-00C04F79EFBC}") = "Unity.2D.PixelPerfect.Editor", "Unity.2D.PixelPerfect.Editor.csproj", "{E0AD4F5B-F077-CA41-53AA-9D4AEF6EB886}"
EndProject
Project("{FAE04EC0-301F-11D3-BF4B-00C04F79EFBC}") = "Unity.VSCode.Editor", "Unity.VSCode.Editor.csproj", "{0F7B1743-286A-356F-4BE1-65608D3C3546}"
EndProject
Project("{FAE04EC0-301F-11D3-BF4B-00C04F79EFBC}") = "Unity.Notifications", "Unity.Notifications.csproj", "{DD634062-9BC6-8804-E3D5-6EE3A59B3DD2}"
EndProject
Project("{FAE04EC0-301F-11D3-BF4B-00C04F79EFBC}") = "Tayx.Graphy.Editor", "Tayx.Graphy.Editor.csproj", "{BED2BAF0-F129-0046-DF7F-4DE6F4F8A228}"
EndProject
Project("{FAE04EC0-301F-11D3-BF4B-00C04F79EFBC}") = "Unity.2D.Common.Editor", "Unity.2D.Common.Editor.csproj", "{966BF65C-45E6-6838-C94B-C713706AEBE2}"
EndProject
Project("{FAE04EC0-301F-11D3-BF4B-00C04F79EFBC}") = "Unity.Mathematics.Editor", "Unity.Mathematics.Editor.csproj", "{97FB5382-E2DD-9208-CC3C-0DF2DF3FD546}"
EndProject
Project("{FAE04EC0-301F-11D3-BF4B-00C04F79EFBC}") = "Assembly-CSharp-Editor", "Assembly-CSharp-Editor.csproj", "{A190AE70-5175-3A90-05FD-207276681AC4}"
EndProject
Project("{FAE04EC0-301F-11D3-BF4B-00C04F79EFBC}") = "Unity.InternalAPIEditorBridge.001", "Unity.InternalAPIEditorBridge.001.csproj", "{ECA66B92-8578-9372-0563-370BB706B0FB}"
EndProject
Project("{FAE04EC0-301F-11D3-BF4B-00C04F79EFBC}") = "Leopotam.Ecs.UnityIntegration", "Leopotam.Ecs.UnityIntegration.csproj", "{EECEC424-CE32-CE31-3693-2320BB1C67D7}"
EndProject
Project("{FAE04EC0-301F-11D3-BF4B-00C04F79EFBC}") = "UnityEngine.UI", "UnityEngine.UI.Player.csproj", "{255BAC27-1E2E-D750-31FF-45048942ABC9}"
EndProject
Project("{FAE04EC0-301F-11D3-BF4B-00C04F79EFBC}") = "UnityEngine.TestRunner", "UnityEngine.TestRunner.Player.csproj", "{5E3462DF-79B0-A166-F827-E620E1C1E434}"
EndProject
Project("{FAE04EC0-301F-11D3-BF4B-00C04F79EFBC}") = "Unity.Mathematics", "Unity.Mathematics.Player.csproj", "{EDE4E867-1E0E-77D7-5F1C-2B89CF419A99}"
EndProject
Project("{FAE04EC0-301F-11D3-BF4B-00C04F79EFBC}") = "Unity.2D.Animation.Triangle.Runtime", "Unity.2D.Animation.Triangle.Runtime.Player.csproj", "{0C87B4F1-3DF9-BC58-3DE2-15C3ED7B8DD0}"
EndProject
Project("{FAE04EC0-301F-11D3-BF4B-00C04F79EFBC}") = "Unity.Timeline", "Unity.Timeline.Player.csproj", "{94924BD0-4339-D37F-6F07-BD3476C6F89D}"
EndProject
Project("{FAE04EC0-301F-11D3-BF4B-00C04F79EFBC}") = "Unity.TextMeshPro", "Unity.TextMeshPro.Player.csproj", "{66DB7D6C-B110-9A90-2697-18301DF82C49}"
EndProject
Project("{FAE04EC0-301F-11D3-BF4B-00C04F79EFBC}") = "Unity.2D.Animation.Runtime", "Unity.2D.Animation.Runtime.Player.csproj", "{E4F833E6-7381-9933-B0E6-F1EA4B8C922E}"
EndProject
Project("{FAE04EC0-301F-11D3-BF4B-00C04F79EFBC}") = "Unity.2D.IK.Runtime", "Unity.2D.IK.Runtime.Player.csproj", "{C88929AA-1D23-99A8-3B51-24FA73F68797}"
EndProject
Project("{FAE04EC0-301F-11D3-BF4B-00C04F79EFBC}") = "Tayx.Graphy", "Tayx.Graphy.Player.csproj", "{8709FCA4-4C3E-5903-CFCC-78C69CAE60AA}"
EndProject
Project("{FAE04EC0-301F-11D3-BF4B-00C04F79EFBC}") = "Unity.Notifications.Android", "Unity.Notifications.Android.Player.csproj", "{398BE040-E1E0-BBC9-F31D-B86E7FB4621D}"
EndProject
Project("{FAE04EC0-301F-11D3-BF4B-00C04F79EFBC}") = "Unity.2D.SpriteShape.Runtime", "Unity.2D.SpriteShape.Runtime.Player.csproj", "{A7CC92F8-C454-C64D-FBAB-59B318BE7213}"
EndProject
Project("{FAE04EC0-301F-11D3-BF4B-00C04F79EFBC}") = "Leopotam.Ecs", "Leopotam.Ecs.Player.csproj", "{9B4C7568-AD18-4110-1F2C-0A8818E15FC1}"
EndProject
Project("{FAE04EC0-301F-11D3-BF4B-00C04F79EFBC}") = "Assembly-CSharp", "Assembly-CSharp.Player.csproj", "{1469C410-6AD2-3933-9378-6B0EC9ECAE1B}"
EndProject
Project("{FAE04EC0-301F-11D3-BF4B-00C04F79EFBC}") = "Unity.2D.PixelPerfect", "Unity.2D.PixelPerfect.Player.csproj", "{659AF52B-45F0-B7DF-F409-5F6FFBE1282E}"
EndProject
Project("{FAE04EC0-301F-11D3-BF4B-00C04F79EFBC}") = "Unity.2D.Common.Runtime", "Unity.2D.Common.Runtime.Player.csproj", "{85A32B05-D20B-E84F-3C16-00F2362562C5}"
EndProject
Project("{FAE04EC0-301F-11D3-BF4B-00C04F79EFBC}") = "Unity.InternalAPIEngineBridge.001", "Unity.InternalAPIEngineBridge.001.Player.csproj", "{F57DB9F0-341E-58DA-DD29-896201D1E0D8}"
EndProject
Global
	GlobalSection(SolutionConfigurationPlatforms) = preSolution
		Debug|Any CPU = Debug|Any CPU
		Release|Any CPU = Release|Any CPU
	EndGlobalSection
	GlobalSection(ProjectConfigurationPlatforms) = postSolution
		{1B853AB3-9A57-F4DD-18D6-224EEFD4FD43}.Debug|Any CPU.ActiveCfg = Debug|Any CPU
		{1B853AB3-9A57-F4DD-18D6-224EEFD4FD43}.Debug|Any CPU.Build.0 = Debug|Any CPU
		{1B853AB3-9A57-F4DD-18D6-224EEFD4FD43}.Release|Any CPU.ActiveCfg = Release|Any CPU
		{1B853AB3-9A57-F4DD-18D6-224EEFD4FD43}.Release|Any CPU.Build.0 = Release|Any CPU
		{51A1E09A-5466-37B8-03EA-B08F11061049}.Debug|Any CPU.ActiveCfg = Debug|Any CPU
		{51A1E09A-5466-37B8-03EA-B08F11061049}.Debug|Any CPU.Build.0 = Debug|Any CPU
		{51A1E09A-5466-37B8-03EA-B08F11061049}.Release|Any CPU.ActiveCfg = Release|Any CPU
		{51A1E09A-5466-37B8-03EA-B08F11061049}.Release|Any CPU.Build.0 = Release|Any CPU
		{B9F5764B-EB5B-C80D-87EF-03D4C75CDCA2}.Debug|Any CPU.ActiveCfg = Debug|Any CPU
		{B9F5764B-EB5B-C80D-87EF-03D4C75CDCA2}.Debug|Any CPU.Build.0 = Debug|Any CPU
		{B9F5764B-EB5B-C80D-87EF-03D4C75CDCA2}.Release|Any CPU.ActiveCfg = Release|Any CPU
		{B9F5764B-EB5B-C80D-87EF-03D4C75CDCA2}.Release|Any CPU.Build.0 = Release|Any CPU
		{8030F1D7-64B5-090D-6EB0-C9CC2B494047}.Debug|Any CPU.ActiveCfg = Debug|Any CPU
		{8030F1D7-64B5-090D-6EB0-C9CC2B494047}.Debug|Any CPU.Build.0 = Debug|Any CPU
		{8030F1D7-64B5-090D-6EB0-C9CC2B494047}.Release|Any CPU.ActiveCfg = Release|Any CPU
		{8030F1D7-64B5-090D-6EB0-C9CC2B494047}.Release|Any CPU.Build.0 = Release|Any CPU
		{111C7C70-17D1-C409-025B-7818A4F4EF5B}.Debug|Any CPU.ActiveCfg = Debug|Any CPU
		{111C7C70-17D1-C409-025B-7818A4F4EF5B}.Debug|Any CPU.Build.0 = Debug|Any CPU
		{111C7C70-17D1-C409-025B-7818A4F4EF5B}.Release|Any CPU.ActiveCfg = Release|Any CPU
		{111C7C70-17D1-C409-025B-7818A4F4EF5B}.Release|Any CPU.Build.0 = Release|Any CPU
		{9B3A205C-8619-5512-9E40-7C190C6C335E}.Debug|Any CPU.ActiveCfg = Debug|Any CPU
		{9B3A205C-8619-5512-9E40-7C190C6C335E}.Debug|Any CPU.Build.0 = Debug|Any CPU
		{9B3A205C-8619-5512-9E40-7C190C6C335E}.Release|Any CPU.ActiveCfg = Release|Any CPU
		{9B3A205C-8619-5512-9E40-7C190C6C335E}.Release|Any CPU.Build.0 = Release|Any CPU
		{1C97B5C6-0B7E-7AE7-6107-43DDFCFE3871}.Debug|Any CPU.ActiveCfg = Debug|Any CPU
		{1C97B5C6-0B7E-7AE7-6107-43DDFCFE3871}.Debug|Any CPU.Build.0 = Debug|Any CPU
		{1C97B5C6-0B7E-7AE7-6107-43DDFCFE3871}.Release|Any CPU.ActiveCfg = Release|Any CPU
		{1C97B5C6-0B7E-7AE7-6107-43DDFCFE3871}.Release|Any CPU.Build.0 = Release|Any CPU
		{B7037EEB-EB03-7FE2-96A7-7DA35AEFAC3C}.Debug|Any CPU.ActiveCfg = Debug|Any CPU
		{B7037EEB-EB03-7FE2-96A7-7DA35AEFAC3C}.Debug|Any CPU.Build.0 = Debug|Any CPU
		{B7037EEB-EB03-7FE2-96A7-7DA35AEFAC3C}.Release|Any CPU.ActiveCfg = Release|Any CPU
		{B7037EEB-EB03-7FE2-96A7-7DA35AEFAC3C}.Release|Any CPU.Build.0 = Release|Any CPU
		{A480358A-F438-C6B1-40F0-3F5974FAD40D}.Debug|Any CPU.ActiveCfg = Debug|Any CPU
		{A480358A-F438-C6B1-40F0-3F5974FAD40D}.Debug|Any CPU.Build.0 = Debug|Any CPU
		{A480358A-F438-C6B1-40F0-3F5974FAD40D}.Release|Any CPU.ActiveCfg = Release|Any CPU
		{A480358A-F438-C6B1-40F0-3F5974FAD40D}.Release|Any CPU.Build.0 = Release|Any CPU
		{01E59270-3837-0722-891C-E17A8DDF2C3E}.Debug|Any CPU.ActiveCfg = Debug|Any CPU
		{01E59270-3837-0722-891C-E17A8DDF2C3E}.Debug|Any CPU.Build.0 = Debug|Any CPU
		{01E59270-3837-0722-891C-E17A8DDF2C3E}.Release|Any CPU.ActiveCfg = Release|Any CPU
		{01E59270-3837-0722-891C-E17A8DDF2C3E}.Release|Any CPU.Build.0 = Release|Any CPU
		{F92C8444-711C-A044-53C9-51BFDD522FED}.Debug|Any CPU.ActiveCfg = Debug|Any CPU
		{F92C8444-711C-A044-53C9-51BFDD522FED}.Debug|Any CPU.Build.0 = Debug|Any CPU
		{F92C8444-711C-A044-53C9-51BFDD522FED}.Release|Any CPU.ActiveCfg = Release|Any CPU
		{F92C8444-711C-A044-53C9-51BFDD522FED}.Release|Any CPU.Build.0 = Release|Any CPU
		{581B29BD-05FB-0D00-8B83-73F218702618}.Debug|Any CPU.ActiveCfg = Debug|Any CPU
		{581B29BD-05FB-0D00-8B83-73F218702618}.Debug|Any CPU.Build.0 = Debug|Any CPU
		{581B29BD-05FB-0D00-8B83-73F218702618}.Release|Any CPU.ActiveCfg = Release|Any CPU
		{581B29BD-05FB-0D00-8B83-73F218702618}.Release|Any CPU.Build.0 = Release|Any CPU
		{BB754641-51DA-EA62-3194-10F6BE5C19D9}.Debug|Any CPU.ActiveCfg = Debug|Any CPU
		{BB754641-51DA-EA62-3194-10F6BE5C19D9}.Debug|Any CPU.Build.0 = Debug|Any CPU
		{BB754641-51DA-EA62-3194-10F6BE5C19D9}.Release|Any CPU.ActiveCfg = Release|Any CPU
		{BB754641-51DA-EA62-3194-10F6BE5C19D9}.Release|Any CPU.Build.0 = Release|Any CPU
		{0C76824D-CEC9-125E-2704-D9ED12055A2A}.Debug|Any CPU.ActiveCfg = Debug|Any CPU
		{0C76824D-CEC9-125E-2704-D9ED12055A2A}.Debug|Any CPU.Build.0 = Debug|Any CPU
		{0C76824D-CEC9-125E-2704-D9ED12055A2A}.Release|Any CPU.ActiveCfg = Release|Any CPU
		{0C76824D-CEC9-125E-2704-D9ED12055A2A}.Release|Any CPU.Build.0 = Release|Any CPU
		{A486A365-9217-241E-88AF-759B9DCFE630}.Debug|Any CPU.ActiveCfg = Debug|Any CPU
		{A486A365-9217-241E-88AF-759B9DCFE630}.Debug|Any CPU.Build.0 = Debug|Any CPU
		{A486A365-9217-241E-88AF-759B9DCFE630}.Release|Any CPU.ActiveCfg = Release|Any CPU
		{A486A365-9217-241E-88AF-759B9DCFE630}.Release|Any CPU.Build.0 = Release|Any CPU
		{DFAF85A7-A866-A388-494B-E9A70472A62E}.Debug|Any CPU.ActiveCfg = Debug|Any CPU
		{DFAF85A7-A866-A388-494B-E9A70472A62E}.Debug|Any CPU.Build.0 = Debug|Any CPU
		{DFAF85A7-A866-A388-494B-E9A70472A62E}.Release|Any CPU.ActiveCfg = Release|Any CPU
		{DFAF85A7-A866-A388-494B-E9A70472A62E}.Release|Any CPU.Build.0 = Release|Any CPU
		{ABC48B9D-6C44-115F-103D-91721F7F5038}.Debug|Any CPU.ActiveCfg = Debug|Any CPU
		{ABC48B9D-6C44-115F-103D-91721F7F5038}.Debug|Any CPU.Build.0 = Debug|Any CPU
		{ABC48B9D-6C44-115F-103D-91721F7F5038}.Release|Any CPU.ActiveCfg = Release|Any CPU
		{ABC48B9D-6C44-115F-103D-91721F7F5038}.Release|Any CPU.Build.0 = Release|Any CPU
		{B91C1E86-F62A-6096-FB12-48B0B3125467}.Debug|Any CPU.ActiveCfg = Debug|Any CPU
		{B91C1E86-F62A-6096-FB12-48B0B3125467}.Debug|Any CPU.Build.0 = Debug|Any CPU
		{B91C1E86-F62A-6096-FB12-48B0B3125467}.Release|Any CPU.ActiveCfg = Release|Any CPU
		{B91C1E86-F62A-6096-FB12-48B0B3125467}.Release|Any CPU.Build.0 = Release|Any CPU
		{72455058-B534-DDE4-40D1-A4FA9F48761D}.Debug|Any CPU.ActiveCfg = Debug|Any CPU
		{72455058-B534-DDE4-40D1-A4FA9F48761D}.Debug|Any CPU.Build.0 = Debug|Any CPU
		{72455058-B534-DDE4-40D1-A4FA9F48761D}.Release|Any CPU.ActiveCfg = Release|Any CPU
		{72455058-B534-DDE4-40D1-A4FA9F48761D}.Release|Any CPU.Build.0 = Release|Any CPU
		{E1D09590-703D-0C4D-9F8F-5AD6A3145FF6}.Debug|Any CPU.ActiveCfg = Debug|Any CPU
		{E1D09590-703D-0C4D-9F8F-5AD6A3145FF6}.Debug|Any CPU.Build.0 = Debug|Any CPU
		{E1D09590-703D-0C4D-9F8F-5AD6A3145FF6}.Release|Any CPU.ActiveCfg = Release|Any CPU
		{E1D09590-703D-0C4D-9F8F-5AD6A3145FF6}.Release|Any CPU.Build.0 = Release|Any CPU
		{B71E81CA-A4C6-5568-923F-55BEE6D8AC9A}.Debug|Any CPU.ActiveCfg = Debug|Any CPU
		{B71E81CA-A4C6-5568-923F-55BEE6D8AC9A}.Debug|Any CPU.Build.0 = Debug|Any CPU
		{B71E81CA-A4C6-5568-923F-55BEE6D8AC9A}.Release|Any CPU.ActiveCfg = Release|Any CPU
		{B71E81CA-A4C6-5568-923F-55BEE6D8AC9A}.Release|Any CPU.Build.0 = Release|Any CPU
		{C5AE3165-3ECB-92A3-5EA2-3A3C65EAA51A}.Debug|Any CPU.ActiveCfg = Debug|Any CPU
		{C5AE3165-3ECB-92A3-5EA2-3A3C65EAA51A}.Debug|Any CPU.Build.0 = Debug|Any CPU
		{C5AE3165-3ECB-92A3-5EA2-3A3C65EAA51A}.Release|Any CPU.ActiveCfg = Release|Any CPU
		{C5AE3165-3ECB-92A3-5EA2-3A3C65EAA51A}.Release|Any CPU.Build.0 = Release|Any CPU
		{544FDB3B-21C2-40EE-F6AD-84E757F06334}.Debug|Any CPU.ActiveCfg = Debug|Any CPU
		{544FDB3B-21C2-40EE-F6AD-84E757F06334}.Debug|Any CPU.Build.0 = Debug|Any CPU
		{544FDB3B-21C2-40EE-F6AD-84E757F06334}.Release|Any CPU.ActiveCfg = Release|Any CPU
		{544FDB3B-21C2-40EE-F6AD-84E757F06334}.Release|Any CPU.Build.0 = Release|Any CPU
		{C54DD7D8-F452-0B67-9740-D94D9BFA010C}.Debug|Any CPU.ActiveCfg = Debug|Any CPU
		{C54DD7D8-F452-0B67-9740-D94D9BFA010C}.Debug|Any CPU.Build.0 = Debug|Any CPU
		{C54DD7D8-F452-0B67-9740-D94D9BFA010C}.Release|Any CPU.ActiveCfg = Release|Any CPU
		{C54DD7D8-F452-0B67-9740-D94D9BFA010C}.Release|Any CPU.Build.0 = Release|Any CPU
		{6BD65E5D-5FBA-1BCB-5690-259475F0352D}.Debug|Any CPU.ActiveCfg = Debug|Any CPU
		{6BD65E5D-5FBA-1BCB-5690-259475F0352D}.Debug|Any CPU.Build.0 = Debug|Any CPU
		{6BD65E5D-5FBA-1BCB-5690-259475F0352D}.Release|Any CPU.ActiveCfg = Release|Any CPU
		{6BD65E5D-5FBA-1BCB-5690-259475F0352D}.Release|Any CPU.Build.0 = Release|Any CPU
		{9AE76B80-0620-DC81-CD36-296EBC580E78}.Debug|Any CPU.ActiveCfg = Debug|Any CPU
		{9AE76B80-0620-DC81-CD36-296EBC580E78}.Debug|Any CPU.Build.0 = Debug|Any CPU
		{9AE76B80-0620-DC81-CD36-296EBC580E78}.Release|Any CPU.ActiveCfg = Release|Any CPU
		{9AE76B80-0620-DC81-CD36-296EBC580E78}.Release|Any CPU.Build.0 = Release|Any CPU
		{C419743B-3C36-5CAE-0744-EBC9175A3E11}.Debug|Any CPU.ActiveCfg = Debug|Any CPU
		{C419743B-3C36-5CAE-0744-EBC9175A3E11}.Debug|Any CPU.Build.0 = Debug|Any CPU
		{C419743B-3C36-5CAE-0744-EBC9175A3E11}.Release|Any CPU.ActiveCfg = Release|Any CPU
		{C419743B-3C36-5CAE-0744-EBC9175A3E11}.Release|Any CPU.Build.0 = Release|Any CPU
		{2FEC6109-FB49-4D31-76D2-CAEAA9698E45}.Debug|Any CPU.ActiveCfg = Debug|Any CPU
		{2FEC6109-FB49-4D31-76D2-CAEAA9698E45}.Debug|Any CPU.Build.0 = Debug|Any CPU
		{2FEC6109-FB49-4D31-76D2-CAEAA9698E45}.Release|Any CPU.ActiveCfg = Release|Any CPU
		{2FEC6109-FB49-4D31-76D2-CAEAA9698E45}.Release|Any CPU.Build.0 = Release|Any CPU
		{1128968C-B271-28FC-1F8A-059BB2707166}.Debug|Any CPU.ActiveCfg = Debug|Any CPU
		{1128968C-B271-28FC-1F8A-059BB2707166}.Debug|Any CPU.Build.0 = Debug|Any CPU
		{1128968C-B271-28FC-1F8A-059BB2707166}.Release|Any CPU.ActiveCfg = Release|Any CPU
		{1128968C-B271-28FC-1F8A-059BB2707166}.Release|Any CPU.Build.0 = Release|Any CPU
		{A483EDE5-99A8-00BB-0C68-8BC93E507E3B}.Debug|Any CPU.ActiveCfg = Debug|Any CPU
		{A483EDE5-99A8-00BB-0C68-8BC93E507E3B}.Debug|Any CPU.Build.0 = Debug|Any CPU
		{A483EDE5-99A8-00BB-0C68-8BC93E507E3B}.Release|Any CPU.ActiveCfg = Release|Any CPU
		{A483EDE5-99A8-00BB-0C68-8BC93E507E3B}.Release|Any CPU.Build.0 = Release|Any CPU
		{81F953FC-C7B0-E43E-C1C4-90B2BBDA7C8E}.Debug|Any CPU.ActiveCfg = Debug|Any CPU
		{81F953FC-C7B0-E43E-C1C4-90B2BBDA7C8E}.Debug|Any CPU.Build.0 = Debug|Any CPU
		{81F953FC-C7B0-E43E-C1C4-90B2BBDA7C8E}.Release|Any CPU.ActiveCfg = Release|Any CPU
		{81F953FC-C7B0-E43E-C1C4-90B2BBDA7C8E}.Release|Any CPU.Build.0 = Release|Any CPU
		{D7B97339-03E1-2B17-2B4D-89715227D96C}.Debug|Any CPU.ActiveCfg = Debug|Any CPU
		{D7B97339-03E1-2B17-2B4D-89715227D96C}.Debug|Any CPU.Build.0 = Debug|Any CPU
		{D7B97339-03E1-2B17-2B4D-89715227D96C}.Release|Any CPU.ActiveCfg = Release|Any CPU
		{D7B97339-03E1-2B17-2B4D-89715227D96C}.Release|Any CPU.Build.0 = Release|Any CPU
		{8C8B80B7-B309-CEF7-2EDC-C79B3D8CD0B2}.Debug|Any CPU.ActiveCfg = Debug|Any CPU
		{8C8B80B7-B309-CEF7-2EDC-C79B3D8CD0B2}.Debug|Any CPU.Build.0 = Debug|Any CPU
		{8C8B80B7-B309-CEF7-2EDC-C79B3D8CD0B2}.Release|Any CPU.ActiveCfg = Release|Any CPU
		{8C8B80B7-B309-CEF7-2EDC-C79B3D8CD0B2}.Release|Any CPU.Build.0 = Release|Any CPU
		{8344E9C4-BD3A-7FB9-BA9A-0AA256EBC4A8}.Debug|Any CPU.ActiveCfg = Debug|Any CPU
		{8344E9C4-BD3A-7FB9-BA9A-0AA256EBC4A8}.Debug|Any CPU.Build.0 = Debug|Any CPU
		{8344E9C4-BD3A-7FB9-BA9A-0AA256EBC4A8}.Release|Any CPU.ActiveCfg = Release|Any CPU
		{8344E9C4-BD3A-7FB9-BA9A-0AA256EBC4A8}.Release|Any CPU.Build.0 = Release|Any CPU
		{E0AD4F5B-F077-CA41-53AA-9D4AEF6EB886}.Debug|Any CPU.ActiveCfg = Debug|Any CPU
		{E0AD4F5B-F077-CA41-53AA-9D4AEF6EB886}.Debug|Any CPU.Build.0 = Debug|Any CPU
		{E0AD4F5B-F077-CA41-53AA-9D4AEF6EB886}.Release|Any CPU.ActiveCfg = Release|Any CPU
		{E0AD4F5B-F077-CA41-53AA-9D4AEF6EB886}.Release|Any CPU.Build.0 = Release|Any CPU
		{0F7B1743-286A-356F-4BE1-65608D3C3546}.Debug|Any CPU.ActiveCfg = Debug|Any CPU
		{0F7B1743-286A-356F-4BE1-65608D3C3546}.Debug|Any CPU.Build.0 = Debug|Any CPU
		{0F7B1743-286A-356F-4BE1-65608D3C3546}.Release|Any CPU.ActiveCfg = Release|Any CPU
		{0F7B1743-286A-356F-4BE1-65608D3C3546}.Release|Any CPU.Build.0 = Release|Any CPU
		{DD634062-9BC6-8804-E3D5-6EE3A59B3DD2}.Debug|Any CPU.ActiveCfg = Debug|Any CPU
		{DD634062-9BC6-8804-E3D5-6EE3A59B3DD2}.Debug|Any CPU.Build.0 = Debug|Any CPU
		{DD634062-9BC6-8804-E3D5-6EE3A59B3DD2}.Release|Any CPU.ActiveCfg = Release|Any CPU
		{DD634062-9BC6-8804-E3D5-6EE3A59B3DD2}.Release|Any CPU.Build.0 = Release|Any CPU
		{BED2BAF0-F129-0046-DF7F-4DE6F4F8A228}.Debug|Any CPU.ActiveCfg = Debug|Any CPU
		{BED2BAF0-F129-0046-DF7F-4DE6F4F8A228}.Debug|Any CPU.Build.0 = Debug|Any CPU
		{BED2BAF0-F129-0046-DF7F-4DE6F4F8A228}.Release|Any CPU.ActiveCfg = Release|Any CPU
		{BED2BAF0-F129-0046-DF7F-4DE6F4F8A228}.Release|Any CPU.Build.0 = Release|Any CPU
		{966BF65C-45E6-6838-C94B-C713706AEBE2}.Debug|Any CPU.ActiveCfg = Debug|Any CPU
		{966BF65C-45E6-6838-C94B-C713706AEBE2}.Debug|Any CPU.Build.0 = Debug|Any CPU
		{966BF65C-45E6-6838-C94B-C713706AEBE2}.Release|Any CPU.ActiveCfg = Release|Any CPU
		{966BF65C-45E6-6838-C94B-C713706AEBE2}.Release|Any CPU.Build.0 = Release|Any CPU
		{97FB5382-E2DD-9208-CC3C-0DF2DF3FD546}.Debug|Any CPU.ActiveCfg = Debug|Any CPU
		{97FB5382-E2DD-9208-CC3C-0DF2DF3FD546}.Debug|Any CPU.Build.0 = Debug|Any CPU
		{97FB5382-E2DD-9208-CC3C-0DF2DF3FD546}.Release|Any CPU.ActiveCfg = Release|Any CPU
		{97FB5382-E2DD-9208-CC3C-0DF2DF3FD546}.Release|Any CPU.Build.0 = Release|Any CPU
		{A190AE70-5175-3A90-05FD-207276681AC4}.Debug|Any CPU.ActiveCfg = Debug|Any CPU
		{A190AE70-5175-3A90-05FD-207276681AC4}.Debug|Any CPU.Build.0 = Debug|Any CPU
		{A190AE70-5175-3A90-05FD-207276681AC4}.Release|Any CPU.ActiveCfg = Release|Any CPU
		{A190AE70-5175-3A90-05FD-207276681AC4}.Release|Any CPU.Build.0 = Release|Any CPU
		{ECA66B92-8578-9372-0563-370BB706B0FB}.Debug|Any CPU.ActiveCfg = Debug|Any CPU
		{ECA66B92-8578-9372-0563-370BB706B0FB}.Debug|Any CPU.Build.0 = Debug|Any CPU
		{ECA66B92-8578-9372-0563-370BB706B0FB}.Release|Any CPU.ActiveCfg = Release|Any CPU
		{ECA66B92-8578-9372-0563-370BB706B0FB}.Release|Any CPU.Build.0 = Release|Any CPU
		{EECEC424-CE32-CE31-3693-2320BB1C67D7}.Debug|Any CPU.ActiveCfg = Debug|Any CPU
		{EECEC424-CE32-CE31-3693-2320BB1C67D7}.Debug|Any CPU.Build.0 = Debug|Any CPU
		{EECEC424-CE32-CE31-3693-2320BB1C67D7}.Release|Any CPU.ActiveCfg = Release|Any CPU
		{EECEC424-CE32-CE31-3693-2320BB1C67D7}.Release|Any CPU.Build.0 = Release|Any CPU
		{255BAC27-1E2E-D750-31FF-45048942ABC9}.Debug|Any CPU.ActiveCfg = Debug|Any CPU
		{255BAC27-1E2E-D750-31FF-45048942ABC9}.Debug|Any CPU.Build.0 = Debug|Any CPU
		{255BAC27-1E2E-D750-31FF-45048942ABC9}.Release|Any CPU.ActiveCfg = Release|Any CPU
		{255BAC27-1E2E-D750-31FF-45048942ABC9}.Release|Any CPU.Build.0 = Release|Any CPU
		{5E3462DF-79B0-A166-F827-E620E1C1E434}.Debug|Any CPU.ActiveCfg = Debug|Any CPU
		{5E3462DF-79B0-A166-F827-E620E1C1E434}.Debug|Any CPU.Build.0 = Debug|Any CPU
		{5E3462DF-79B0-A166-F827-E620E1C1E434}.Release|Any CPU.ActiveCfg = Release|Any CPU
		{5E3462DF-79B0-A166-F827-E620E1C1E434}.Release|Any CPU.Build.0 = Release|Any CPU
		{EDE4E867-1E0E-77D7-5F1C-2B89CF419A99}.Debug|Any CPU.ActiveCfg = Debug|Any CPU
		{EDE4E867-1E0E-77D7-5F1C-2B89CF419A99}.Debug|Any CPU.Build.0 = Debug|Any CPU
		{EDE4E867-1E0E-77D7-5F1C-2B89CF419A99}.Release|Any CPU.ActiveCfg = Release|Any CPU
		{EDE4E867-1E0E-77D7-5F1C-2B89CF419A99}.Release|Any CPU.Build.0 = Release|Any CPU
		{0C87B4F1-3DF9-BC58-3DE2-15C3ED7B8DD0}.Debug|Any CPU.ActiveCfg = Debug|Any CPU
		{0C87B4F1-3DF9-BC58-3DE2-15C3ED7B8DD0}.Debug|Any CPU.Build.0 = Debug|Any CPU
		{0C87B4F1-3DF9-BC58-3DE2-15C3ED7B8DD0}.Release|Any CPU.ActiveCfg = Release|Any CPU
		{0C87B4F1-3DF9-BC58-3DE2-15C3ED7B8DD0}.Release|Any CPU.Build.0 = Release|Any CPU
		{94924BD0-4339-D37F-6F07-BD3476C6F89D}.Debug|Any CPU.ActiveCfg = Debug|Any CPU
		{94924BD0-4339-D37F-6F07-BD3476C6F89D}.Debug|Any CPU.Build.0 = Debug|Any CPU
		{94924BD0-4339-D37F-6F07-BD3476C6F89D}.Release|Any CPU.ActiveCfg = Release|Any CPU
		{94924BD0-4339-D37F-6F07-BD3476C6F89D}.Release|Any CPU.Build.0 = Release|Any CPU
		{66DB7D6C-B110-9A90-2697-18301DF82C49}.Debug|Any CPU.ActiveCfg = Debug|Any CPU
		{66DB7D6C-B110-9A90-2697-18301DF82C49}.Debug|Any CPU.Build.0 = Debug|Any CPU
		{66DB7D6C-B110-9A90-2697-18301DF82C49}.Release|Any CPU.ActiveCfg = Release|Any CPU
		{66DB7D6C-B110-9A90-2697-18301DF82C49}.Release|Any CPU.Build.0 = Release|Any CPU
		{E4F833E6-7381-9933-B0E6-F1EA4B8C922E}.Debug|Any CPU.ActiveCfg = Debug|Any CPU
		{E4F833E6-7381-9933-B0E6-F1EA4B8C922E}.Debug|Any CPU.Build.0 = Debug|Any CPU
		{E4F833E6-7381-9933-B0E6-F1EA4B8C922E}.Release|Any CPU.ActiveCfg = Release|Any CPU
		{E4F833E6-7381-9933-B0E6-F1EA4B8C922E}.Release|Any CPU.Build.0 = Release|Any CPU
		{C88929AA-1D23-99A8-3B51-24FA73F68797}.Debug|Any CPU.ActiveCfg = Debug|Any CPU
		{C88929AA-1D23-99A8-3B51-24FA73F68797}.Debug|Any CPU.Build.0 = Debug|Any CPU
		{C88929AA-1D23-99A8-3B51-24FA73F68797}.Release|Any CPU.ActiveCfg = Release|Any CPU
		{C88929AA-1D23-99A8-3B51-24FA73F68797}.Release|Any CPU.Build.0 = Release|Any CPU
		{8709FCA4-4C3E-5903-CFCC-78C69CAE60AA}.Debug|Any CPU.ActiveCfg = Debug|Any CPU
		{8709FCA4-4C3E-5903-CFCC-78C69CAE60AA}.Debug|Any CPU.Build.0 = Debug|Any CPU
		{8709FCA4-4C3E-5903-CFCC-78C69CAE60AA}.Release|Any CPU.ActiveCfg = Release|Any CPU
		{8709FCA4-4C3E-5903-CFCC-78C69CAE60AA}.Release|Any CPU.Build.0 = Release|Any CPU
		{398BE040-E1E0-BBC9-F31D-B86E7FB4621D}.Debug|Any CPU.ActiveCfg = Debug|Any CPU
		{398BE040-E1E0-BBC9-F31D-B86E7FB4621D}.Debug|Any CPU.Build.0 = Debug|Any CPU
		{398BE040-E1E0-BBC9-F31D-B86E7FB4621D}.Release|Any CPU.ActiveCfg = Release|Any CPU
		{398BE040-E1E0-BBC9-F31D-B86E7FB4621D}.Release|Any CPU.Build.0 = Release|Any CPU
		{A7CC92F8-C454-C64D-FBAB-59B318BE7213}.Debug|Any CPU.ActiveCfg = Debug|Any CPU
		{A7CC92F8-C454-C64D-FBAB-59B318BE7213}.Debug|Any CPU.Build.0 = Debug|Any CPU
		{A7CC92F8-C454-C64D-FBAB-59B318BE7213}.Release|Any CPU.ActiveCfg = Release|Any CPU
		{A7CC92F8-C454-C64D-FBAB-59B318BE7213}.Release|Any CPU.Build.0 = Release|Any CPU
		{9B4C7568-AD18-4110-1F2C-0A8818E15FC1}.Debug|Any CPU.ActiveCfg = Debug|Any CPU
		{9B4C7568-AD18-4110-1F2C-0A8818E15FC1}.Debug|Any CPU.Build.0 = Debug|Any CPU
		{9B4C7568-AD18-4110-1F2C-0A8818E15FC1}.Release|Any CPU.ActiveCfg = Release|Any CPU
		{9B4C7568-AD18-4110-1F2C-0A8818E15FC1}.Release|Any CPU.Build.0 = Release|Any CPU
		{1469C410-6AD2-3933-9378-6B0EC9ECAE1B}.Debug|Any CPU.ActiveCfg = Debug|Any CPU
		{1469C410-6AD2-3933-9378-6B0EC9ECAE1B}.Debug|Any CPU.Build.0 = Debug|Any CPU
		{1469C410-6AD2-3933-9378-6B0EC9ECAE1B}.Release|Any CPU.ActiveCfg = Release|Any CPU
		{1469C410-6AD2-3933-9378-6B0EC9ECAE1B}.Release|Any CPU.Build.0 = Release|Any CPU
		{659AF52B-45F0-B7DF-F409-5F6FFBE1282E}.Debug|Any CPU.ActiveCfg = Debug|Any CPU
		{659AF52B-45F0-B7DF-F409-5F6FFBE1282E}.Debug|Any CPU.Build.0 = Debug|Any CPU
		{659AF52B-45F0-B7DF-F409-5F6FFBE1282E}.Release|Any CPU.ActiveCfg = Release|Any CPU
		{659AF52B-45F0-B7DF-F409-5F6FFBE1282E}.Release|Any CPU.Build.0 = Release|Any CPU
		{85A32B05-D20B-E84F-3C16-00F2362562C5}.Debug|Any CPU.ActiveCfg = Debug|Any CPU
		{85A32B05-D20B-E84F-3C16-00F2362562C5}.Debug|Any CPU.Build.0 = Debug|Any CPU
		{85A32B05-D20B-E84F-3C16-00F2362562C5}.Release|Any CPU.ActiveCfg = Release|Any CPU
		{85A32B05-D20B-E84F-3C16-00F2362562C5}.Release|Any CPU.Build.0 = Release|Any CPU
		{F57DB9F0-341E-58DA-DD29-896201D1E0D8}.Debug|Any CPU.ActiveCfg = Debug|Any CPU
		{F57DB9F0-341E-58DA-DD29-896201D1E0D8}.Debug|Any CPU.Build.0 = Debug|Any CPU
		{F57DB9F0-341E-58DA-DD29-896201D1E0D8}.Release|Any CPU.ActiveCfg = Release|Any CPU
		{F57DB9F0-341E-58DA-DD29-896201D1E0D8}.Release|Any CPU.Build.0 = Release|Any CPU
	EndGlobalSection
	GlobalSection(SolutionProperties) = preSolution
		HideSolutionNode = FALSE
	EndGlobalSection
EndGlobal
